// !$*UTF8*$!
{
	archiveVersion = 1;
	classes = {
	};
	objectVersion = 55;
	objects = {

/* Begin PBXBuildFile section */
		3720655F27909D9500F99FDA /* FaceIDLoginApp.swift in Sources */ = {isa = PBXBuildFile; fileRef = 3720655E27909D9500F99FDA /* FaceIDLoginApp.swift */; };
		3720656327909D9700F99FDA /* Assets.xcassets in Resources */ = {isa = PBXBuildFile; fileRef = 3720656227909D9700F99FDA /* Assets.xcassets */; };
		3720656627909D9700F99FDA /* Preview Assets.xcassets in Resources */ = {isa = PBXBuildFile; fileRef = 3720656527909D9700F99FDA /* Preview Assets.xcassets */; };
		3720656E27909EC400F99FDA /* FirebaseAuth in Frameworks */ = {isa = PBXBuildFile; productRef = 3720656D27909EC400F99FDA /* FirebaseAuth */; };
		372065702790A06700F99FDA /* GoogleService-Info.plist in Resources */ = {isa = PBXBuildFile; fileRef = 3720656F2790A06700F99FDA /* GoogleService-Info.plist */; };
		372065792790A12B00F99FDA /* HomeView.swift in Sources */ = {isa = PBXBuildFile; fileRef = 372065782790A12B00F99FDA /* HomeView.swift */; };
		3720657B2790A1E000F99FDA /* LoginView.swift in Sources */ = {isa = PBXBuildFile; fileRef = 3720657A2790A1E000F99FDA /* LoginView.swift */; };
		3720657D2790A1E900F99FDA /* LoginViewModel.swift in Sources */ = {isa = PBXBuildFile; fileRef = 3720657C2790A1E900F99FDA /* LoginViewModel.swift */; };
		372065812790A36D00F99FDA /* View+Ext.swift in Sources */ = {isa = PBXBuildFile; fileRef = 372065802790A36D00F99FDA /* View+Ext.swift */; };
/* End PBXBuildFile section */

/* Begin PBXFileReference section */
		3720655B27909D9500F99FDA /* FaceIDLogin.app */ = {isa = PBXFileReference; explicitFileType = wrapper.application; includeInIndex = 0; path = FaceIDLogin.app; sourceTree = BUILT_PRODUCTS_DIR; };
		3720655E27909D9500F99FDA /* FaceIDLoginApp.swift */ = {isa = PBXFileReference; lastKnownFileType = sourcecode.swift; path = FaceIDLoginApp.swift; sourceTree = "<group>"; };
		3720656227909D9700F99FDA /* Assets.xcassets */ = {isa = PBXFileReference; lastKnownFileType = folder.assetcatalog; path = Assets.xcassets; sourceTree = "<group>"; };
		3720656527909D9700F99FDA /* Preview Assets.xcassets */ = {isa = PBXFileReference; lastKnownFileType = folder.assetcatalog; path = "Preview Assets.xcassets"; sourceTree = "<group>"; };
		3720656F2790A06700F99FDA /* GoogleService-Info.plist */ = {isa = PBXFileReference; fileEncoding = 4; lastKnownFileType = text.plist.xml; path = "GoogleService-Info.plist"; sourceTree = "<group>"; };
		372065782790A12B00F99FDA /* HomeView.swift */ = {isa = PBXFileReference; lastKnownFileType = sourcecode.swift; path = HomeView.swift; sourceTree = "<group>"; };
		3720657A2790A1E000F99FDA /* LoginView.swift */ = {isa = PBXFileReference; lastKnownFileType = sourcecode.swift; path = LoginView.swift; sourceTree = "<group>"; };
		3720657C2790A1E900F99FDA /* LoginViewModel.swift */ = {isa = PBXFileReference; lastKnownFileType = sourcecode.swift; path = LoginViewModel.swift; sourceTree = "<group>"; };
		372065802790A36D00F99FDA /* View+Ext.swift */ = {isa = PBXFileReference; lastKnownFileType = sourcecode.swift; path = "View+Ext.swift"; sourceTree = "<group>"; };
/* End PBXFileReference section */

/* Begin PBXFrameworksBuildPhase section */
		3720655827909D9500F99FDA /* Frameworks */ = {
			isa = PBXFrameworksBuildPhase;
			buildActionMask = 2147483647;
			files = (
				3720656E27909EC400F99FDA /* FirebaseAuth in Frameworks */,
			);
			runOnlyForDeploymentPostprocessing = 0;
		};
/* End PBXFrameworksBuildPhase section */

/* Begin PBXGroup section */
		3720655227909D9500F99FDA = {
			isa = PBXGroup;
			children = (
				3720655D27909D9500F99FDA /* FaceIDLogin */,
				3720655C27909D9500F99FDA /* Products */,
			);
			sourceTree = "<group>";
		};
		3720655C27909D9500F99FDA /* Products */ = {
			isa = PBXGroup;
			children = (
				3720655B27909D9500F99FDA /* FaceIDLogin.app */,
			);
			name = Products;
			sourceTree = "<group>";
		};
		3720655D27909D9500F99FDA /* FaceIDLogin */ = {
			isa = PBXGroup;
			children = (
				3720657E2790A35B00F99FDA /* Utilities */,
				372065722790A0EA00F99FDA /* Features */,
				372065712790A0DF00F99FDA /* App */,
				3720656F2790A06700F99FDA /* GoogleService-Info.plist */,
				3720656227909D9700F99FDA /* Assets.xcassets */,
				3720656427909D9700F99FDA /* Preview Content */,
			);
			path = FaceIDLogin;
			sourceTree = "<group>";
		};
		3720656427909D9700F99FDA /* Preview Content */ = {
			isa = PBXGroup;
			children = (
				3720656527909D9700F99FDA /* Preview Assets.xcassets */,
			);
			path = "Preview Content";
			sourceTree = "<group>";
		};
		372065712790A0DF00F99FDA /* App */ = {
			isa = PBXGroup;
			children = (
				3720655E27909D9500F99FDA /* FaceIDLoginApp.swift */,
			);
			path = App;
			sourceTree = "<group>";
		};
		372065722790A0EA00F99FDA /* Features */ = {
			isa = PBXGroup;
			children = (
				372065742790A10400F99FDA /* Home */,
				372065732790A0F800F99FDA /* Login */,
			);
			path = Features;
			sourceTree = "<group>";
		};
		372065732790A0F800F99FDA /* Login */ = {
			isa = PBXGroup;
			children = (
				372065762790A10D00F99FDA /* ViewModel */,
				372065752790A10800F99FDA /* View */,
			);
			path = Login;
			sourceTree = "<group>";
		};
		372065742790A10400F99FDA /* Home */ = {
			isa = PBXGroup;
			children = (
				372065772790A12400F99FDA /* View */,
			);
			path = Home;
			sourceTree = "<group>";
		};
		372065752790A10800F99FDA /* View */ = {
			isa = PBXGroup;
			children = (
				3720657A2790A1E000F99FDA /* LoginView.swift */,
			);
			path = View;
			sourceTree = "<group>";
		};
		372065762790A10D00F99FDA /* ViewModel */ = {
			isa = PBXGroup;
			children = (
				3720657C2790A1E900F99FDA /* LoginViewModel.swift */,
			);
			path = ViewModel;
			sourceTree = "<group>";
		};
		372065772790A12400F99FDA /* View */ = {
			isa = PBXGroup;
			children = (
				372065782790A12B00F99FDA /* HomeView.swift */,
			);
			path = View;
			sourceTree = "<group>";
		};
		3720657E2790A35B00F99FDA /* Utilities */ = {
			isa = PBXGroup;
			children = (
				3720657F2790A36300F99FDA /* Extension */,
			);
			path = Utilities;
			sourceTree = "<group>";
		};
		3720657F2790A36300F99FDA /* Extension */ = {
			isa = PBXGroup;
			children = (
				372065802790A36D00F99FDA /* View+Ext.swift */,
			);
			path = Extension;
			sourceTree = "<group>";
		};
/* End PBXGroup section */

/* Begin PBXNativeTarget section */
		3720655A27909D9500F99FDA /* FaceIDLogin */ = {
			isa = PBXNativeTarget;
			buildConfigurationList = 3720656927909D9700F99FDA /* Build configuration list for PBXNativeTarget "FaceIDLogin" */;
			buildPhases = (
				3720655727909D9500F99FDA /* Sources */,
				3720655827909D9500F99FDA /* Frameworks */,
				3720655927909D9500F99FDA /* Resources */,
			);
			buildRules = (
			);
			dependencies = (
			);
			name = FaceIDLogin;
			packageProductDependencies = (
				3720656D27909EC400F99FDA /* FirebaseAuth */,
			);
			productName = FaceIDLogin;
			productReference = 3720655B27909D9500F99FDA /* FaceIDLogin.app */;
			productType = "com.apple.product-type.application";
		};
/* End PBXNativeTarget section */

/* Begin PBXProject section */
		3720655327909D9500F99FDA /* Project object */ = {
			isa = PBXProject;
			attributes = {
				BuildIndependentTargetsInParallel = 1;
				LastSwiftUpdateCheck = 1320;
				LastUpgradeCheck = 1320;
				TargetAttributes = {
					3720655A27909D9500F99FDA = {
						CreatedOnToolsVersion = 13.2.1;
					};
				};
			};
			buildConfigurationList = 3720655627909D9500F99FDA /* Build configuration list for PBXProject "FaceIDLogin" */;
			compatibilityVersion = "Xcode 13.0";
			developmentRegion = en;
			hasScannedForEncodings = 0;
			knownRegions = (
				en,
				Base,
			);
			mainGroup = 3720655227909D9500F99FDA;
			packageReferences = (
				3720656C27909EC400F99FDA /* XCRemoteSwiftPackageReference "firebase-ios-sdk" */,
			);
			productRefGroup = 3720655C27909D9500F99FDA /* Products */;
			projectDirPath = "";
			projectRoot = "";
			targets = (
				3720655A27909D9500F99FDA /* FaceIDLogin */,
			);
		};
/* End PBXProject section */

/* Begin PBXResourcesBuildPhase section */
		3720655927909D9500F99FDA /* Resources */ = {
			isa = PBXResourcesBuildPhase;
			buildActionMask = 2147483647;
			files = (
				3720656627909D9700F99FDA /* Preview Assets.xcassets in Resources */,
				3720656327909D9700F99FDA /* Assets.xcassets in Resources */,
				372065702790A06700F99FDA /* GoogleService-Info.plist in Resources */,
			);
			runOnlyForDeploymentPostprocessing = 0;
		};
/* End PBXResourcesBuildPhase section */

/* Begin PBXSourcesBuildPhase section */
		3720655727909D9500F99FDA /* Sources */ = {
			isa = PBXSourcesBuildPhase;
			buildActionMask = 2147483647;
			files = (
				372065792790A12B00F99FDA /* HomeView.swift in Sources */,
				372065812790A36D00F99FDA /* View+Ext.swift in Sources */,
				3720657B2790A1E000F99FDA /* LoginView.swift in Sources */,
				3720657D2790A1E900F99FDA /* LoginViewModel.swift in Sources */,
				3720655F27909D9500F99FDA /* FaceIDLoginApp.swift in Sources */,
			);
			runOnlyForDeploymentPostprocessing = 0;
		};
/* End PBXSourcesBuildPhase section */

/* Begin XCBuildConfiguration section */
		3720656727909D9700F99FDA /* Debug */ = {
			isa = XCBuildConfiguration;
			buildSettings = {
				ALWAYS_SEARCH_USER_PATHS = NO;
				CLANG_ANALYZER_NONNULL = YES;
				CLANG_ANALYZER_NUMBER_OBJECT_CONVERSION = YES_AGGRESSIVE;
				CLANG_CXX_LANGUAGE_STANDARD = "gnu++17";
				CLANG_CXX_LIBRARY = "libc++";
				CLANG_ENABLE_MODULES = YES;
				CLANG_ENABLE_OBJC_ARC = YES;
				CLANG_ENABLE_OBJC_WEAK = YES;
				CLANG_WARN_BLOCK_CAPTURE_AUTORELEASING = YES;
				CLANG_WARN_BOOL_CONVERSION = YES;
				CLANG_WARN_COMMA = YES;
				CLANG_WARN_CONSTANT_CONVERSION = YES;
				CLANG_WARN_DEPRECATED_OBJC_IMPLEMENTATIONS = YES;
				CLANG_WARN_DIRECT_OBJC_ISA_USAGE = YES_ERROR;
				CLANG_WARN_DOCUMENTATION_COMMENTS = YES;
				CLANG_WARN_EMPTY_BODY = YES;
				CLANG_WARN_ENUM_CONVERSION = YES;
				CLANG_WARN_INFINITE_RECURSION = YES;
				CLANG_WARN_INT_CONVERSION = YES;
				CLANG_WARN_NON_LITERAL_NULL_CONVERSION = YES;
				CLANG_WARN_OBJC_IMPLICIT_RETAIN_SELF = YES;
				CLANG_WARN_OBJC_LITERAL_CONVERSION = YES;
				CLANG_WARN_OBJC_ROOT_CLASS = YES_ERROR;
				CLANG_WARN_QUOTED_INCLUDE_IN_FRAMEWORK_HEADER = YES;
				CLANG_WARN_RANGE_LOOP_ANALYSIS = YES;
				CLANG_WARN_STRICT_PROTOTYPES = YES;
				CLANG_WARN_SUSPICIOUS_MOVE = YES;
				CLANG_WARN_UNGUARDED_AVAILABILITY = YES_AGGRESSIVE;
				CLANG_WARN_UNREACHABLE_CODE = YES;
				CLANG_WARN__DUPLICATE_METHOD_MATCH = YES;
				COPY_PHASE_STRIP = NO;
				DEBUG_INFORMATION_FORMAT = dwarf;
				ENABLE_STRICT_OBJC_MSGSEND = YES;
				ENABLE_TESTABILITY = YES;
				GCC_C_LANGUAGE_STANDARD = gnu11;
				GCC_DYNAMIC_NO_PIC = NO;
				GCC_NO_COMMON_BLOCKS = YES;
				GCC_OPTIMIZATION_LEVEL = 0;
				GCC_PREPROCESSOR_DEFINITIONS = (
					"DEBUG=1",
					"$(inherited)",
				);
				GCC_WARN_64_TO_32_BIT_CONVERSION = YES;
				GCC_WARN_ABOUT_RETURN_TYPE = YES_ERROR;
				GCC_WARN_UNDECLARED_SELECTOR = YES;
				GCC_WARN_UNINITIALIZED_AUTOS = YES_AGGRESSIVE;
				GCC_WARN_UNUSED_FUNCTION = YES;
				GCC_WARN_UNUSED_VARIABLE = YES;
				IPHONEOS_DEPLOYMENT_TARGET = 15.2;
				MTL_ENABLE_DEBUG_INFO = INCLUDE_SOURCE;
				MTL_FAST_MATH = YES;
				ONLY_ACTIVE_ARCH = YES;
				SDKROOT = iphoneos;
				SWIFT_ACTIVE_COMPILATION_CONDITIONS = DEBUG;
				SWIFT_OPTIMIZATION_LEVEL = "-Onone";
			};
			name = Debug;
		};
		3720656827909D9700F99FDA /* Release */ = {
			isa = XCBuildConfiguration;
			buildSettings = {
				ALWAYS_SEARCH_USER_PATHS = NO;
				CLANG_ANALYZER_NONNULL = YES;
				CLANG_ANALYZER_NUMBER_OBJECT_CONVERSION = YES_AGGRESSIVE;
				CLANG_CXX_LANGUAGE_STANDARD = "gnu++17";
				CLANG_CXX_LIBRARY = "libc++";
				CLANG_ENABLE_MODULES = YES;
				CLANG_ENABLE_OBJC_ARC = YES;
				CLANG_ENABLE_OBJC_WEAK = YES;
				CLANG_WARN_BLOCK_CAPTURE_AUTORELEASING = YES;
				CLANG_WARN_BOOL_CONVERSION = YES;
				CLANG_WARN_COMMA = YES;
				CLANG_WARN_CONSTANT_CONVERSION = YES;
				CLANG_WARN_DEPRECATED_OBJC_IMPLEMENTATIONS = YES;
				CLANG_WARN_DIRECT_OBJC_ISA_USAGE = YES_ERROR;
				CLANG_WARN_DOCUMENTATION_COMMENTS = YES;
				CLANG_WARN_EMPTY_BODY = YES;
				CLANG_WARN_ENUM_CONVERSION = YES;
				CLANG_WARN_INFINITE_RECURSION = YES;
				CLANG_WARN_INT_CONVERSION = YES;
				CLANG_WARN_NON_LITERAL_NULL_CONVERSION = YES;
				CLANG_WARN_OBJC_IMPLICIT_RETAIN_SELF = YES;
				CLANG_WARN_OBJC_LITERAL_CONVERSION = YES;
				CLANG_WARN_OBJC_ROOT_CLASS = YES_ERROR;
				CLANG_WARN_QUOTED_INCLUDE_IN_FRAMEWORK_HEADER = YES;
				CLANG_WARN_RANGE_LOOP_ANALYSIS = YES;
				CLANG_WARN_STRICT_PROTOTYPES = YES;
				CLANG_WARN_SUSPICIOUS_MOVE = YES;
				CLANG_WARN_UNGUARDED_AVAILABILITY = YES_AGGRESSIVE;
				CLANG_WARN_UNREACHABLE_CODE = YES;
				CLANG_WARN__DUPLICATE_METHOD_MATCH = YES;
				COPY_PHASE_STRIP = NO;
				DEBUG_INFORMATION_FORMAT = "dwarf-with-dsym";
				ENABLE_NS_ASSERTIONS = NO;
				ENABLE_STRICT_OBJC_MSGSEND = YES;
				GCC_C_LANGUAGE_STANDARD = gnu11;
				GCC_NO_COMMON_BLOCKS = YES;
				GCC_WARN_64_TO_32_BIT_CONVERSION = YES;
				GCC_WARN_ABOUT_RETURN_TYPE = YES_ERROR;
				GCC_WARN_UNDECLARED_SELECTOR = YES;
				GCC_WARN_UNINITIALIZED_AUTOS = YES_AGGRESSIVE;
				GCC_WARN_UNUSED_FUNCTION = YES;
				GCC_WARN_UNUSED_VARIABLE = YES;
				IPHONEOS_DEPLOYMENT_TARGET = 15.2;
				MTL_ENABLE_DEBUG_INFO = NO;
				MTL_FAST_MATH = YES;
				SDKROOT = iphoneos;
				SWIFT_COMPILATION_MODE = wholemodule;
				SWIFT_OPTIMIZATION_LEVEL = "-O";
				VALIDATE_PRODUCT = YES;
			};
			name = Release;
		};
		3720656A27909D9700F99FDA /* Debug */ = {
			isa = XCBuildConfiguration;
			buildSettings = {
				ASSETCATALOG_COMPILER_APPICON_NAME = AppIcon;
				ASSETCATALOG_COMPILER_GLOBAL_ACCENT_COLOR_NAME = AccentColor;
				CODE_SIGN_STYLE = Automatic;
				CURRENT_PROJECT_VERSION = 1;
				DEVELOPMENT_ASSET_PATHS = "\"FaceIDLogin/Preview Content\"";
				DEVELOPMENT_TEAM = 597969VDF7;
				ENABLE_PREVIEWS = YES;
				GENERATE_INFOPLIST_FILE = YES;
				INFOPLIST_KEY_NSFaceIDUsageDescription = "This app uses faceID to login";
				INFOPLIST_KEY_UIApplicationSceneManifest_Generation = YES;
				INFOPLIST_KEY_UIApplicationSupportsIndirectInputEvents = YES;
				INFOPLIST_KEY_UILaunchScreen_Generation = YES;
				INFOPLIST_KEY_UISupportedInterfaceOrientations_iPad = "UIInterfaceOrientationPortrait UIInterfaceOrientationPortraitUpsideDown UIInterfaceOrientationLandscapeLeft UIInterfaceOrientationLandscapeRight";
				INFOPLIST_KEY_UISupportedInterfaceOrientations_iPhone = "UIInterfaceOrientationPortrait UIInterfaceOrientationLandscapeLeft UIInterfaceOrientationLandscapeRight";
				LD_RUNPATH_SEARCH_PATHS = (
					"$(inherited)",
					"@executable_path/Frameworks",
				);
				MARKETING_VERSION = 1.0;
				PRODUCT_BUNDLE_IDENTIFIER = xyz.rogertjr.FaceIDLogin;
				PRODUCT_NAME = "$(TARGET_NAME)";
				SWIFT_EMIT_LOC_STRINGS = YES;
				SWIFT_VERSION = 5.0;
				TARGETED_DEVICE_FAMILY = "1,2";
			};
			name = Debug;
		};
		3720656B27909D9700F99FDA /* Release */ = {
			isa = XCBuildConfiguration;
			buildSettings = {
				ASSETCATALOG_COMPILER_APPICON_NAME = AppIcon;
				ASSETCATALOG_COMPILER_GLOBAL_ACCENT_COLOR_NAME = AccentColor;
				CODE_SIGN_STYLE = Automatic;
				CURRENT_PROJECT_VERSION = 1;
				DEVELOPMENT_ASSET_PATHS = "\"FaceIDLogin/Preview Content\"";
				DEVELOPMENT_TEAM = 597969VDF7;
				ENABLE_PREVIEWS = YES;
				GENERATE_INFOPLIST_FILE = YES;
				INFOPLIST_KEY_NSFaceIDUsageDescription = "This app uses faceID to login";
				INFOPLIST_KEY_UIApplicationSceneManifest_Generation = YES;
				INFOPLIST_KEY_UIApplicationSupportsIndirectInputEvents = YES;
				INFOPLIST_KEY_UILaunchScreen_Generation = YES;
				INFOPLIST_KEY_UISupportedInterfaceOrientations_iPad = "UIInterfaceOrientationPortrait UIInterfaceOrientationPortraitUpsideDown UIInterfaceOrientationLandscapeLeft UIInterfaceOrientationLandscapeRight";
				INFOPLIST_KEY_UISupportedInterfaceOrientations_iPhone = "UIInterfaceOrientationPortrait UIInterfaceOrientationLandscapeLeft UIInterfaceOrientationLandscapeRight";
				LD_RUNPATH_SEARCH_PATHS = (
					"$(inherited)",
					"@executable_path/Frameworks",
				);
				MARKETING_VERSION = 1.0;
				PRODUCT_BUNDLE_IDENTIFIER = xyz.rogertjr.FaceIDLogin;
				PRODUCT_NAME = "$(TARGET_NAME)";
				SWIFT_EMIT_LOC_STRINGS = YES;
				SWIFT_VERSION = 5.0;
				TARGETED_DEVICE_FAMILY = "1,2";
			};
			name = Release;
		};
/* End XCBuildConfiguration section */

/* Begin XCConfigurationList section */
		3720655627909D9500F99FDA /* Build configuration list for PBXProject "FaceIDLogin" */ = {
			isa = XCConfigurationList;
			buildConfigurations = (
				3720656727909D9700F99FDA /* Debug */,
				3720656827909D9700F99FDA /* Release */,
			);
			defaultConfigurationIsVisible = 0;
			defaultConfigurationName = Release;
		};
		3720656927909D9700F99FDA /* Build configuration list for PBXNativeTarget "FaceIDLogin" */ = {
			isa = XCConfigurationList;
			buildConfigurations = (
				3720656A27909D9700F99FDA /* Debug */,
				3720656B27909D9700F99FDA /* Release */,
			);
			defaultConfigurationIsVisible = 0;
			defaultConfigurationName = Release;
		};
/* End XCConfigurationList section */

/* Begin XCRemoteSwiftPackageReference section */
		3720656C27909EC400F99FDA /* XCRemoteSwiftPackageReference "firebase-ios-sdk" */ = {
			isa = XCRemoteSwiftPackageReference;
			repositoryURL = "https://github.com/firebase/firebase-ios-sdk.git";
			requirement = {
				branch = master;
				kind = branch;
			};
		};
/* End XCRemoteSwiftPackageReference section */

/* Begin XCSwiftPackageProductDependency section */
		3720656D27909EC400F99FDA /* FirebaseAuth */ = {
			isa = XCSwiftPackageProductDependency;
			package = 3720656C27909EC400F99FDA /* XCRemoteSwiftPackageReference "firebase-ios-sdk" */;
			productName = FirebaseAuth;
		};
/* End XCSwiftPackageProductDependency section */
	};
	rootObject = 3720655327909D9500F99FDA /* Project object */;
}
